
Microsoft Visual Studio Solution File, Format Version 12.00
# Visual Studio Version 16
VisualStudioVersion = 16.0.30503.244
MinimumVisualStudioVersion = 10.0.40219.1
Project("{FAE04EC0-301F-11D3-BF4B-00C04F79EFBC}") = "ProximityCR_API", "ProximityCR_API.csproj", "{79F5A100-B91E-4738-8457-9F7430730828}"
EndProject
Global
	GlobalSection(SolutionConfigurationPlatforms) = preSolution
		Debug|Any CPU = Debug|Any CPU
		Release|Any CPU = Release|Any CPU
	EndGlobalSection
	GlobalSection(ProjectConfigurationPlatforms) = postSolution
		{79F5A100-B91E-4738-8457-9F7430730828}.Debug|Any CPU.ActiveCfg = Debug|Any CPU
		{79F5A100-B91E-4738-8457-9F7430730828}.Debug|Any CPU.Build.0 = Debug|Any CPU
		{79F5A100-B91E-4738-8457-9F7430730828}.Release|Any CPU.ActiveCfg = Release|Any CPU
		{79F5A100-B91E-4738-8457-9F7430730828}.Release|Any CPU.Build.0 = Release|Any CPU
	EndGlobalSection
	GlobalSection(SolutionProperties) = preSolution
		HideSolutionNode = FALSE
	EndGlobalSection
	GlobalSection(ExtensibilityGlobals) = postSolution
		SolutionGuid = {97067F72-4C11-46F9-910D-FC8D46E1EAA5}
	EndGlobalSection
EndGlobal
